
Microsoft Visual Studio Solution File, Format Version 12.00
# Visual Studio 2013
VisualStudioVersion = 12.0.30110.0
MinimumVisualStudioVersion = 10.0.40219.1
Project("{FAE04EC0-301F-11D3-BF4B-00C04F79EFBC}") = "DisqusApiPortable", "DisqusApiPortable\DisqusApiPortable.csproj", "{D4AB5F34-6220-45B0-8E28-EB4E074525C2}"
EndProject
Project("{FAE04EC0-301F-11D3-BF4B-00C04F79EFBC}") = "DisqusApiPortable.Tests", "DisqusApiPortable.Tests\DisqusApiPortable.Tests.csproj", "{48A2485F-F884-4786-B9AD-4E74AC6D1E82}"
EndProject
Global
	GlobalSection(SolutionConfigurationPlatforms) = preSolution
		Debug|Any CPU = Debug|Any CPU
		Debug|ARM = Debug|ARM
		Debug|x64 = Debug|x64
		Debug|x86 = Debug|x86
		Release|Any CPU = Release|Any CPU
		Release|ARM = Release|ARM
		Release|x64 = Release|x64
		Release|x86 = Release|x86
	EndGlobalSection
	GlobalSection(ProjectConfigurationPlatforms) = postSolution
		{D4AB5F34-6220-45B0-8E28-EB4E074525C2}.Debug|Any CPU.ActiveCfg = Debug|Any CPU
		{D4AB5F34-6220-45B0-8E28-EB4E074525C2}.Debug|Any CPU.Build.0 = Debug|Any CPU
		{D4AB5F34-6220-45B0-8E28-EB4E074525C2}.Debug|ARM.ActiveCfg = Debug|Any CPU
		{D4AB5F34-6220-45B0-8E28-EB4E074525C2}.Debug|x64.ActiveCfg = Debug|Any CPU
		{D4AB5F34-6220-45B0-8E28-EB4E074525C2}.Debug|x86.ActiveCfg = Debug|Any CPU
		{D4AB5F34-6220-45B0-8E28-EB4E074525C2}.Release|Any CPU.ActiveCfg = Release|Any CPU
		{D4AB5F34-6220-45B0-8E28-EB4E074525C2}.Release|Any CPU.Build.0 = Release|Any CPU
		{D4AB5F34-6220-45B0-8E28-EB4E074525C2}.Release|ARM.ActiveCfg = Release|Any CPU
		{D4AB5F34-6220-45B0-8E28-EB4E074525C2}.Release|x64.ActiveCfg = Release|Any CPU
		{D4AB5F34-6220-45B0-8E28-EB4E074525C2}.Release|x86.ActiveCfg = Release|Any CPU
		{48A2485F-F884-4786-B9AD-4E74AC6D1E82}.Debug|Any CPU.ActiveCfg = Debug|Any CPU
		{48A2485F-F884-4786-B9AD-4E74AC6D1E82}.Debug|Any CPU.Build.0 = Debug|Any CPU
		{48A2485F-F884-4786-B9AD-4E74AC6D1E82}.Debug|ARM.ActiveCfg = Debug|Any CPU
		{48A2485F-F884-4786-B9AD-4E74AC6D1E82}.Debug|x64.ActiveCfg = Debug|Any CPU
		{48A2485F-F884-4786-B9AD-4E74AC6D1E82}.Debug|x86.ActiveCfg = Debug|Any CPU
		{48A2485F-F884-4786-B9AD-4E74AC6D1E82}.Release|Any CPU.ActiveCfg = Release|Any CPU
		{48A2485F-F884-4786-B9AD-4E74AC6D1E82}.Release|Any CPU.Build.0 = Release|Any CPU
		{48A2485F-F884-4786-B9AD-4E74AC6D1E82}.Release|ARM.ActiveCfg = Release|Any CPU
		{48A2485F-F884-4786-B9AD-4E74AC6D1E82}.Release|x64.ActiveCfg = Release|Any CPU
		{48A2485F-F884-4786-B9AD-4E74AC6D1E82}.Release|x86.ActiveCfg = Release|Any CPU
	EndGlobalSection
	GlobalSection(SolutionProperties) = preSolution
		HideSolutionNode = FALSE
	EndGlobalSection
EndGlobal
